
Microsoft Visual Studio Solution File, Format Version 12.00
# Visual Studio 14
VisualStudioVersion = 14.0.25123.0
MinimumVisualStudioVersion = 10.0.40219.1
Project("{FAE04EC0-301F-11D3-BF4B-00C04F79EFBC}") = "NinjaRacer.Models", "NinjaRacer.Models\NinjaRacer.Models.csproj", "{B315AE4F-D8BA-43CE-95CC-81B17ECF5AE3}"
EndProject
Project("{FAE04EC0-301F-11D3-BF4B-00C04F79EFBC}") = "NinjaRacer.Core", "NinjaRacer.Core\NinjaRacer.Core.csproj", "{F4836EAA-6059-47E5-9040-D9B27D6F50CE}"
EndProject
Project("{FAE04EC0-301F-11D3-BF4B-00C04F79EFBC}") = "NinjaRacer.Utilities", "NinjaRacer.Utilities\NinjaRacer.Utilities.csproj", "{45D0BB65-8D58-4717-9D16-48CFFD63C665}"
EndProject
Project("{FAE04EC0-301F-11D3-BF4B-00C04F79EFBC}") = "NingaRacer.MonoGame", "NingaRacer.MonoGame\NingaRacer.MonoGame.csproj", "{58EA58D3-25EB-4D9E-A389-005B51BC210B}"
EndProject
Global
	GlobalSection(SolutionConfigurationPlatforms) = preSolution
		Debug|Any CPU = Debug|Any CPU
		Debug|x86 = Debug|x86
		Release|Any CPU = Release|Any CPU
		Release|x86 = Release|x86
	EndGlobalSection
	GlobalSection(ProjectConfigurationPlatforms) = postSolution
		{B315AE4F-D8BA-43CE-95CC-81B17ECF5AE3}.Debug|Any CPU.ActiveCfg = Debug|Any CPU
		{B315AE4F-D8BA-43CE-95CC-81B17ECF5AE3}.Debug|Any CPU.Build.0 = Debug|Any CPU
		{B315AE4F-D8BA-43CE-95CC-81B17ECF5AE3}.Debug|x86.ActiveCfg = Debug|Any CPU
		{B315AE4F-D8BA-43CE-95CC-81B17ECF5AE3}.Debug|x86.Build.0 = Debug|Any CPU
		{B315AE4F-D8BA-43CE-95CC-81B17ECF5AE3}.Release|Any CPU.ActiveCfg = Release|Any CPU
		{B315AE4F-D8BA-43CE-95CC-81B17ECF5AE3}.Release|Any CPU.Build.0 = Release|Any CPU
		{B315AE4F-D8BA-43CE-95CC-81B17ECF5AE3}.Release|x86.ActiveCfg = Release|Any CPU
		{B315AE4F-D8BA-43CE-95CC-81B17ECF5AE3}.Release|x86.Build.0 = Release|Any CPU
		{F4836EAA-6059-47E5-9040-D9B27D6F50CE}.Debug|Any CPU.ActiveCfg = Debug|Any CPU
		{F4836EAA-6059-47E5-9040-D9B27D6F50CE}.Debug|Any CPU.Build.0 = Debug|Any CPU
		{F4836EAA-6059-47E5-9040-D9B27D6F50CE}.Debug|x86.ActiveCfg = Debug|Any CPU
		{F4836EAA-6059-47E5-9040-D9B27D6F50CE}.Debug|x86.Build.0 = Debug|Any CPU
		{F4836EAA-6059-47E5-9040-D9B27D6F50CE}.Release|Any CPU.ActiveCfg = Release|Any CPU
		{F4836EAA-6059-47E5-9040-D9B27D6F50CE}.Release|Any CPU.Build.0 = Release|Any CPU
		{F4836EAA-6059-47E5-9040-D9B27D6F50CE}.Release|x86.ActiveCfg = Release|Any CPU
		{F4836EAA-6059-47E5-9040-D9B27D6F50CE}.Release|x86.Build.0 = Release|Any CPU
		{45D0BB65-8D58-4717-9D16-48CFFD63C665}.Debug|Any CPU.ActiveCfg = Debug|Any CPU
		{45D0BB65-8D58-4717-9D16-48CFFD63C665}.Debug|Any CPU.Build.0 = Debug|Any CPU
		{45D0BB65-8D58-4717-9D16-48CFFD63C665}.Debug|x86.ActiveCfg = Debug|Any CPU
		{45D0BB65-8D58-4717-9D16-48CFFD63C665}.Debug|x86.Build.0 = Debug|Any CPU
		{45D0BB65-8D58-4717-9D16-48CFFD63C665}.Release|Any CPU.ActiveCfg = Release|Any CPU
		{45D0BB65-8D58-4717-9D16-48CFFD63C665}.Release|Any CPU.Build.0 = Release|Any CPU
		{45D0BB65-8D58-4717-9D16-48CFFD63C665}.Release|x86.ActiveCfg = Release|Any CPU
		{45D0BB65-8D58-4717-9D16-48CFFD63C665}.Release|x86.Build.0 = Release|Any CPU
		{58EA58D3-25EB-4D9E-A389-005B51BC210B}.Debug|Any CPU.ActiveCfg = Debug|x86
		{58EA58D3-25EB-4D9E-A389-005B51BC210B}.Debug|x86.ActiveCfg = Debug|x86
		{58EA58D3-25EB-4D9E-A389-005B51BC210B}.Debug|x86.Build.0 = Debug|x86
		{58EA58D3-25EB-4D9E-A389-005B51BC210B}.Release|Any CPU.ActiveCfg = Release|x86
		{58EA58D3-25EB-4D9E-A389-005B51BC210B}.Release|x86.ActiveCfg = Release|x86
		{58EA58D3-25EB-4D9E-A389-005B51BC210B}.Release|x86.Build.0 = Release|x86
	EndGlobalSection
	GlobalSection(SolutionProperties) = preSolution
		HideSolutionNode = FALSE
	EndGlobalSection
EndGlobal
